{
  "version": 2,
  "dependencies": {
    "net10.0": {
      "RulesFactory.Maps.Srd52Combat": {
        "type": "Direct",
        "requested": "[3.0.0, 3.0.0]",
        "resolved": "3.0.0",
        "contentHash": "Q31iK0hA2dGazix67lZaF4OD53Is62d1+ToRriedmlCLuoDHMMbWn06a2Jcry6sK761/IJRR/U1IeOpmVpwKOA=="
      },
      "RulesKernel": {
        "type": "Direct",
        "requested": "[1.0.0, )",
        "resolved": "1.0.0",
        "contentHash": "KApaRg9KEEiwg+cnZDPU0MPNRtHyuWYqCFpYYo1tS+l7tIXNBM+fu5Br4h9UdpFVry7Wis3xoA5b7se/4sn8KA=="
      },
      "RulesKernel.Analyzers": {
        "type": "Direct",
        "requested": "[1.0.0, )",
        "resolved": "1.0.0",
        "contentHash": "zR0tUW0miz4pR5bg7NvZtN/Cs9D2IXfOXuQkhZyUEY0Zt8YXXQKelvvvnPLvzsuSsX4mLGJGkXG8EWRh3JCztA=="
      },
      "RulesKernel.Randomness": {
        "type": "Direct",
        "requested": "[1.0.0, )",
        "resolved": "1.0.0",
        "contentHash": "rY2mfqbBExBwF+89soUR+TuRBt+eU7V3H/XSLxIyUtpENlAHMnGduoUcDfyuRL7+1/lx6uH/oxvKmQ8FNi13LA==",
        "dependencies": {
          "RulesKernel": "1.0.0"
        }
      }
    },
    "net8.0": {
      "RulesFactory.Maps.Srd52Combat": {
        "type": "Direct",
        "requested": "[3.0.0, 3.0.0]",
        "resolved": "3.0.0",
        "contentHash": "Q31iK0hA2dGazix67lZaF4OD53Is62d1+ToRriedmlCLuoDHMMbWn06a2Jcry6sK761/IJRR/U1IeOpmVpwKOA=="
      },
      "RulesKernel": {
        "type": "Direct",
        "requested": "[1.0.0, )",
        "resolved": "1.0.0",
        "contentHash": "KApaRg9KEEiwg+cnZDPU0MPNRtHyuWYqCFpYYo1tS+l7tIXNBM+fu5Br4h9UdpFVry7Wis3xoA5b7se/4sn8KA=="
      },
      "RulesKernel.Analyzers": {
        "type": "Direct",
        "requested": "[1.0.0, )",
        "resolved": "1.0.0",
        "contentHash": "zR0tUW0miz4pR5bg7NvZtN/Cs9D2IXfOXuQkhZyUEY0Zt8YXXQKelvvvnPLvzsuSsX4mLGJGkXG8EWRh3JCztA=="
      },
      "RulesKernel.Randomness": {
        "type": "Direct",
        "requested": "[1.0.0, )",
        "resolved": "1.0.0",
        "contentHash": "rY2mfqbBExBwF+89soUR+TuRBt+eU7V3H/XSLxIyUtpENlAHMnGduoUcDfyuRL7+1/lx6uH/oxvKmQ8FNi13LA==",
        "dependencies": {
          "RulesKernel": "1.0.0"
        }
      }
    }
  }
}