{
  "version": 2,
  "dependencies": {
    "net10.0": {
      "RulesFactory.Maps.Srd52Combat": {
        "type": "Direct",
        "requested": "[2.0.0, 2.0.0]",
        "resolved": "2.0.0",
        "contentHash": "qS/63L5Rx0wu42hvxht+lUkSwxlnNFAsuB2XzO68ZtEkePNHNcpEv3kcE5z2JF06jTAjYGJShOXcBPDtP9g6gA=="
      },
      "RulesKernel": {
        "type": "Direct",
        "requested": "[0.3.0, )",
        "resolved": "0.3.0",
        "contentHash": "x52TbzXTrKKrq6dgQTqWayvO/NLsAEMMfPChdbaBeE4fP9hNVB4ILbIIwaBKQOKnA4FRODNJ2UIKSFFT8ByFGA=="
      },
      "RulesKernel.Randomness": {
        "type": "Direct",
        "requested": "[0.3.0, )",
        "resolved": "0.3.0",
        "contentHash": "txm7VjBd07XHowLLGUv5+zU0/9m+Pfus8HfPbngsY5TYSNNznNOYJ/zhWrhS5W+IUknHpQ4eYDcqLmEqkyZ/Kw==",
        "dependencies": {
          "RulesKernel": "0.3.0"
        }
      }
    },
    "net8.0": {
      "RulesFactory.Maps.Srd52Combat": {
        "type": "Direct",
        "requested": "[2.0.0, 2.0.0]",
        "resolved": "2.0.0",
        "contentHash": "qS/63L5Rx0wu42hvxht+lUkSwxlnNFAsuB2XzO68ZtEkePNHNcpEv3kcE5z2JF06jTAjYGJShOXcBPDtP9g6gA=="
      },
      "RulesKernel": {
        "type": "Direct",
        "requested": "[0.3.0, )",
        "resolved": "0.3.0",
        "contentHash": "x52TbzXTrKKrq6dgQTqWayvO/NLsAEMMfPChdbaBeE4fP9hNVB4ILbIIwaBKQOKnA4FRODNJ2UIKSFFT8ByFGA=="
      },
      "RulesKernel.Randomness": {
        "type": "Direct",
        "requested": "[0.3.0, )",
        "resolved": "0.3.0",
        "contentHash": "txm7VjBd07XHowLLGUv5+zU0/9m+Pfus8HfPbngsY5TYSNNznNOYJ/zhWrhS5W+IUknHpQ4eYDcqLmEqkyZ/Kw==",
        "dependencies": {
          "RulesKernel": "0.3.0"
        }
      }
    }
  }
}